
Microsoft Visual Studio Solution File, Format Version 12.00
# Visual Studio 15
VisualStudioVersion = 15.0.28307.539
MinimumVisualStudioVersion = 10.0.40219.1
Project("{8BC9CEB8-8B4A-11D0-8D11-00A0C91BC942}") = "lab1", "Project1\Project1.vcxproj", "{52C7D0A8-AFE9-4575-BDA7-0CA4346B4D63}"
EndProject
Project("{8BC9CEB8-8B4A-11D0-8D11-00A0C91BC942}") = "lab2", "lab2\lab2.vcxproj", "{65F9F778-0725-4E59-A14A-CB0A54CFB121}"
EndProject
Project("{8BC9CEB8-8B4A-11D0-8D11-00A0C91BC942}") = "lab3", "lab3\lab3.vcxproj", "{D5A37DEB-F980-45BC-9903-A656841D3AAE}"
EndProject
Project("{8BC9CEB8-8B4A-11D0-8D11-00A0C91BC942}") = "matrix1", "matrix1\matrix1.vcxproj", "{6B748B44-C9EA-4741-85F5-5D4FFA4E0FD2}"
EndProject
Global
	GlobalSection(SolutionConfigurationPlatforms) = preSolution
		Debug|x64 = Debug|x64
		Debug|x86 = Debug|x86
		Release|x64 = Release|x64
		Release|x86 = Release|x86
	EndGlobalSection
	GlobalSection(ProjectConfigurationPlatforms) = postSolution
		{52C7D0A8-AFE9-4575-BDA7-0CA4346B4D63}.Debug|x64.ActiveCfg = Debug|x64
		{52C7D0A8-AFE9-4575-BDA7-0CA4346B4D63}.Debug|x64.Build.0 = Debug|x64
		{52C7D0A8-AFE9-4575-BDA7-0CA4346B4D63}.Debug|x86.ActiveCfg = Debug|Win32
		{52C7D0A8-AFE9-4575-BDA7-0CA4346B4D63}.Debug|x86.Build.0 = Debug|Win32
		{52C7D0A8-AFE9-4575-BDA7-0CA4346B4D63}.Release|x64.ActiveCfg = Release|x64
		{52C7D0A8-AFE9-4575-BDA7-0CA4346B4D63}.Release|x64.Build.0 = Release|x64
		{52C7D0A8-AFE9-4575-BDA7-0CA4346B4D63}.Release|x86.ActiveCfg = Release|Win32
		{52C7D0A8-AFE9-4575-BDA7-0CA4346B4D63}.Release|x86.Build.0 = Release|Win32
		{65F9F778-0725-4E59-A14A-CB0A54CFB121}.Debug|x64.ActiveCfg = Debug|x64
		{65F9F778-0725-4E59-A14A-CB0A54CFB121}.Debug|x64.Build.0 = Debug|x64
		{65F9F778-0725-4E59-A14A-CB0A54CFB121}.Debug|x86.ActiveCfg = Debug|Win32
		{65F9F778-0725-4E59-A14A-CB0A54CFB121}.Debug|x86.Build.0 = Debug|Win32
		{65F9F778-0725-4E59-A14A-CB0A54CFB121}.Release|x64.ActiveCfg = Release|x64
		{65F9F778-0725-4E59-A14A-CB0A54CFB121}.Release|x64.Build.0 = Release|x64
		{65F9F778-0725-4E59-A14A-CB0A54CFB121}.Release|x86.ActiveCfg = Release|Win32
		{65F9F778-0725-4E59-A14A-CB0A54CFB121}.Release|x86.Build.0 = Release|Win32
		{D5A37DEB-F980-45BC-9903-A656841D3AAE}.Debug|x64.ActiveCfg = Debug|x64
		{D5A37DEB-F980-45BC-9903-A656841D3AAE}.Debug|x64.Build.0 = Debug|x64
		{D5A37DEB-F980-45BC-9903-A656841D3AAE}.Debug|x86.ActiveCfg = Debug|Win32
		{D5A37DEB-F980-45BC-9903-A656841D3AAE}.Debug|x86.Build.0 = Debug|Win32
		{D5A37DEB-F980-45BC-9903-A656841D3AAE}.Release|x64.ActiveCfg = Release|x64
		{D5A37DEB-F980-45BC-9903-A656841D3AAE}.Release|x64.Build.0 = Release|x64
		{D5A37DEB-F980-45BC-9903-A656841D3AAE}.Release|x86.ActiveCfg = Release|Win32
		{D5A37DEB-F980-45BC-9903-A656841D3AAE}.Release|x86.Build.0 = Release|Win32
		{6B748B44-C9EA-4741-85F5-5D4FFA4E0FD2}.Debug|x64.ActiveCfg = Debug|x64
		{6B748B44-C9EA-4741-85F5-5D4FFA4E0FD2}.Debug|x64.Build.0 = Debug|x64
		{6B748B44-C9EA-4741-85F5-5D4FFA4E0FD2}.Debug|x86.ActiveCfg = Debug|Win32
		{6B748B44-C9EA-4741-85F5-5D4FFA4E0FD2}.Debug|x86.Build.0 = Debug|Win32
		{6B748B44-C9EA-4741-85F5-5D4FFA4E0FD2}.Release|x64.ActiveCfg = Release|x64
		{6B748B44-C9EA-4741-85F5-5D4FFA4E0FD2}.Release|x64.Build.0 = Release|x64
		{6B748B44-C9EA-4741-85F5-5D4FFA4E0FD2}.Release|x86.ActiveCfg = Release|Win32
		{6B748B44-C9EA-4741-85F5-5D4FFA4E0FD2}.Release|x86.Build.0 = Release|Win32
	EndGlobalSection
	GlobalSection(SolutionProperties) = preSolution
		HideSolutionNode = FALSE
	EndGlobalSection
	GlobalSection(ExtensibilityGlobals) = postSolution
		SolutionGuid = {35B19604-EE3C-471F-B635-0ECF5D3F9645}
	EndGlobalSection
EndGlobal
